
Microsoft Visual Studio Solution File, Format Version 12.00
# Visual Studio 15
VisualStudioVersion = 15.0.27130.2003
MinimumVisualStudioVersion = 10.0.40219.1
Project("{8BC9CEB8-8B4A-11D0-8D11-00A0C91BC942}") = "SeaBattle", "SeaBattle\SeaBattle.vcxproj", "{143A9960-EABC-49F8-8E3F-2A16EE0089EC}"
EndProject
Global
	GlobalSection(SolutionConfigurationPlatforms) = preSolution
		Debug|Any CPU = Debug|Any CPU
		Debug|x64 = Debug|x64
		Debug|x86 = Debug|x86
		Release|Any CPU = Release|Any CPU
		Release|x64 = Release|x64
		Release|x86 = Release|x86
	EndGlobalSection
	GlobalSection(ProjectConfigurationPlatforms) = postSolution
		{143A9960-EABC-49F8-8E3F-2A16EE0089EC}.Debug|Any CPU.ActiveCfg = Debug|Win32
		{143A9960-EABC-49F8-8E3F-2A16EE0089EC}.Debug|x64.ActiveCfg = Debug|x64
		{143A9960-EABC-49F8-8E3F-2A16EE0089EC}.Debug|x64.Build.0 = Debug|x64
		{143A9960-EABC-49F8-8E3F-2A16EE0089EC}.Debug|x86.ActiveCfg = Debug|Win32
		{143A9960-EABC-49F8-8E3F-2A16EE0089EC}.Debug|x86.Build.0 = Debug|Win32
		{143A9960-EABC-49F8-8E3F-2A16EE0089EC}.Release|Any CPU.ActiveCfg = Release|Win32
		{143A9960-EABC-49F8-8E3F-2A16EE0089EC}.Release|x64.ActiveCfg = Release|x64
		{143A9960-EABC-49F8-8E3F-2A16EE0089EC}.Release|x64.Build.0 = Release|x64
		{143A9960-EABC-49F8-8E3F-2A16EE0089EC}.Release|x86.ActiveCfg = Release|Win32
		{143A9960-EABC-49F8-8E3F-2A16EE0089EC}.Release|x86.Build.0 = Release|Win32
	EndGlobalSection
	GlobalSection(SolutionProperties) = preSolution
		HideSolutionNode = FALSE
	EndGlobalSection
	GlobalSection(ExtensibilityGlobals) = postSolution
		SolutionGuid = {7C2117AB-6DDE-4561-846A-267C88979D6A}
	EndGlobalSection
EndGlobal
